Microsoft Visual Studio Solution File, Format Version 11.00
# Visual Studio 2008

Project("{6AB27027-982F-BB96-F703-E27ED096EFC8}") = "Igra z Zerkalom", "Assembly-CSharp.csproj", "{B48FB651-7AB4-2930-022A-32DFA0021925}"
EndProject
Global
	GlobalSection(SolutionConfigurationPlatforms) = preSolution
		Debug|Any CPU = Debug|Any CPU
		Release|Any CPU = Release|Any CPU
	EndGlobalSection
	GlobalSection(ProjectConfigurationPlatforms) = postSolution
		{B48FB651-7AB4-2930-022A-32DFA0021925}.Debug|Any CPU.ActiveCfg = Debug|Any CPU
		{B48FB651-7AB4-2930-022A-32DFA0021925}.Debug|Any CPU.Build.0 = Debug|Any CPU
		{B48FB651-7AB4-2930-022A-32DFA0021925}.Release|Any CPU.ActiveCfg = Release|Any CPU
		{B48FB651-7AB4-2930-022A-32DFA0021925}.Release|Any CPU.Build.0 = Release|Any CPU
	EndGlobalSection
	GlobalSection(SolutionProperties) = preSolution
		HideSolutionNode = FALSE
	EndGlobalSection
																						GlobalSection(MonoDevelopProperties) = preSolution
		StartupItem = Assembly-CSharp.csproj
		Policies = $0
		$0.TextStylePolicy = $1
		$1.inheritsSet = null
		$1.scope = text/x-csharp
		$0.CSharpFormattingPolicy = $2
		$2.inheritsSet = Mono
		$2.inheritsScope = text/x-csharp
		$2.scope = text/x-csharp
		$0.TextStylePolicy = $3
		$3.FileWidth = 120
		$3.TabWidth = 4
		$3.IndentWidth = 4
		$3.EolMarker = Unix
		$3.inheritsSet = Mono
		$3.inheritsScope = text/plain
		$3.scope = text/plain
	EndGlobalSection

EndGlobal
